PODS:
  - Apollo (0.7.0):
    - Apollo/Core (= 0.7.0)
  - Apollo/Core (0.7.0)
  - BBBadgeBarButtonItem (1.2)
  - Bolts (1.8.4):
    - Bolts/AppLinks (= 1.8.4)
    - Bolts/Tasks (= 1.8.4)
  - Bolts/AppLinks (1.8.4):
    - Bolts/Tasks
  - Bolts/Tasks (1.8.4)
  - ChameleonFramework/Default (2.1.0)
  - ChameleonFramework/Swift (2.1.0):
    - ChameleonFramework/Default
  - CMMapLauncher (1.1.0)
  - FBSDKCoreKit (4.29.0):
    - Bolts (~> 1.7)
  - FBSDKLoginKit (4.29.0):
    - FBSDKCoreKit
  - FBSDKShareKit (4.29.0):
    - FBSDKCoreKit
  - RazzleDazzle (0.1.5)
  - ReachabilitySwift (4.1.0)
  - SDWebImage (4.2.1):
    - SDWebImage/Core (= 4.2.1)
  - SDWebImage/Core (4.2.1)
  - SVProgressHUD (2.2.2)

DEPENDENCIES:
  - Apollo (~> 0.7.0)
  - BBBadgeBarButtonItem
  - ChameleonFramework/Swift (from `https://github.com/ViccAlexander/Chameleon.git`)
  - CMMapLauncher (~> 1.1.0)
  - FBSDKCoreKit (~> 4.29.0)
  - FBSDKLoginKit (~> 4.29.0)
  - FBSDKShareKit (~> 4.29.0)
  - RazzleDazzle
  - ReachabilitySwift
  - SDWebImage (~> 4)
  - SVProgressHUD

EXTERNAL SOURCES:
  ChameleonFramework:
    :git: https://github.com/ViccAlexander/Chameleon.git

CHECKOUT OPTIONS:
  ChameleonFramework:
    :commit: 6dd284bde21ea2e7f9fd89bc36f40df16e16369d
    :git: https://github.com/ViccAlexander/Chameleon.git

SPEC CHECKSUMS:
  Apollo: d6649ac06168660e70c6226c4eadfc0770791ba5
  BBBadgeBarButtonItem: c2fbca0bff18e21b70defc9438a8a5048008e7ca
  Bolts: 8a7995239dbe724f9cba2248b766d48b7ebdd322
  ChameleonFramework: d21a3cc247abfe5e37609a283a8238b03575cf64
  CMMapLauncher: 668b949522d1789506e3c8d9dbc1b0384ee20573
  FBSDKCoreKit: 6f139173dc63a1deaff4430a55f2fe5bb222d2af
  FBSDKLoginKit: 56a057ca6822535ea0faa25f57a7c41edb697fd4
  FBSDKShareKit: 18a2cd118aef11dd657fe7e8b64bae5c719088b2
  RazzleDazzle: 0b1b9fc8ceed04bfdd4b3e8182e98ef7edacd1d1
  ReachabilitySwift: 6849231cd4e06559f3b9ef4a97a0a0f96d41e09f
  SDWebImage: 1fa4c9edf525b744f002db89f3f5a38b3cd4c541
  SVProgressHUD: 59b2d3dabacbd051576d21d32293ca7228dc18b0

PODFILE CHECKSUM: caae70cf508ab998edc30bae032d2f137a175e1b

COCOAPODS: 1.3.1
